
Microsoft Visual Studio Solution File, Format Version 12.00
# Visual Studio Version 16
VisualStudioVersion = 16.0.32802.440
MinimumVisualStudioVersion = 10.0.40219.1
Project("{FAE04EC0-301F-11D3-BF4B-00C04F79EFBC}") = "AssignmentDept", "AssignmentDept\AssignmentDept.csproj", "{A1767CB7-7A73-4766-9135-8337F679FA4B}"
EndProject
Global
	GlobalSection(SolutionConfigurationPlatforms) = preSolution
		Debug|Any CPU = Debug|Any CPU
		Release|Any CPU = Release|Any CPU
	EndGlobalSection
	GlobalSection(ProjectConfigurationPlatforms) = postSolution
		{A1767CB7-7A73-4766-9135-8337F679FA4B}.Debug|Any CPU.ActiveCfg = Debug|Any CPU
		{A1767CB7-7A73-4766-9135-8337F679FA4B}.Debug|Any CPU.Build.0 = Debug|Any CPU
		{A1767CB7-7A73-4766-9135-8337F679FA4B}.Release|Any CPU.ActiveCfg = Release|Any CPU
		{A1767CB7-7A73-4766-9135-8337F679FA4B}.Release|Any CPU.Build.0 = Release|Any CPU
	EndGlobalSection
	GlobalSection(SolutionProperties) = preSolution
		HideSolutionNode = FALSE
	EndGlobalSection
	GlobalSection(ExtensibilityGlobals) = postSolution
		SolutionGuid = {182A8CD4-16A1-430A-9A05-2627D9D3E14B}
	EndGlobalSection
EndGlobal
